
Microsoft Visual Studio Solution File, Format Version 12.00
# Visual Studio Version 17
VisualStudioVersion = 17.12.35514.174
MinimumVisualStudioVersion = 10.0.40219.1
Project("{8BC9CEB8-8B4A-11D0-8D11-00A0C91BC942}") = "SBS_C_Lessoon", "SBS_C_Lessoon\SBS_C_Lessoon.vcxproj", "{D4B94787-3A97-41EB-8EF3-56FBA929496B}"
EndProject
Project("{8BC9CEB8-8B4A-11D0-8D11-00A0C91BC942}") = "Class1th (Compile)", "Class1th (Compile)\Class1th (Compile).vcxproj", "{701D63D5-AB2D-4DDD-BF9F-EDA2D9243A26}"
EndProject
Project("{8BC9CEB8-8B4A-11D0-8D11-00A0C91BC942}") = "Class2th (Variable)", "Class2th (Variable)\Class2th (Variable).vcxproj", "{9FB6F6D8-5E29-4200-99B3-D53764183CDE}"
EndProject
Project("{8BC9CEB8-8B4A-11D0-8D11-00A0C91BC942}") = "Class3th (Bit)", "Class3th (Bit)\Class3th (Bit).vcxproj", "{A3DA6C6F-B8E2-4102-BDF6-C17A2D289570}"
EndProject
Project("{8BC9CEB8-8B4A-11D0-8D11-00A0C91BC942}") = "Class4th (Overflow & Underflow)", "Class4th (Overflow)\Class4th (Overflow).vcxproj", "{CB332CEA-67A2-4672-AD54-7290A2E6B851}"
EndProject
Project("{8BC9CEB8-8B4A-11D0-8D11-00A0C91BC942}") = "Class5th (conditional statement)", "Class5th (if)\Class5th (if).vcxproj", "{FF50B9E5-FA9F-452C-8F58-F428046C7F23}"
EndProject
Project("{8BC9CEB8-8B4A-11D0-8D11-00A0C91BC942}") = "Class8th (Pointer)", "Class8th (Pointer)\Class8th (Pointer).vcxproj", "{0A7631ED-1A7A-4E8C-8C00-F7B212EA0ADC}"
EndProject
Global
	GlobalSection(SolutionConfigurationPlatforms) = preSolution
		Debug|x64 = Debug|x64
		Debug|x86 = Debug|x86
		Release|x64 = Release|x64
		Release|x86 = Release|x86
	EndGlobalSection
	GlobalSection(ProjectConfigurationPlatforms) = postSolution
		{D4B94787-3A97-41EB-8EF3-56FBA929496B}.Debug|x64.ActiveCfg = Debug|x64
		{D4B94787-3A97-41EB-8EF3-56FBA929496B}.Debug|x64.Build.0 = Debug|x64
		{D4B94787-3A97-41EB-8EF3-56FBA929496B}.Debug|x86.ActiveCfg = Debug|Win32
		{D4B94787-3A97-41EB-8EF3-56FBA929496B}.Debug|x86.Build.0 = Debug|Win32
		{D4B94787-3A97-41EB-8EF3-56FBA929496B}.Release|x64.ActiveCfg = Release|x64
		{D4B94787-3A97-41EB-8EF3-56FBA929496B}.Release|x64.Build.0 = Release|x64
		{D4B94787-3A97-41EB-8EF3-56FBA929496B}.Release|x86.ActiveCfg = Release|Win32
		{D4B94787-3A97-41EB-8EF3-56FBA929496B}.Release|x86.Build.0 = Release|Win32
		{701D63D5-AB2D-4DDD-BF9F-EDA2D9243A26}.Debug|x64.ActiveCfg = Debug|x64
		{701D63D5-AB2D-4DDD-BF9F-EDA2D9243A26}.Debug|x64.Build.0 = Debug|x64
		{701D63D5-AB2D-4DDD-BF9F-EDA2D9243A26}.Debug|x86.ActiveCfg = Debug|Win32
		{701D63D5-AB2D-4DDD-BF9F-EDA2D9243A26}.Debug|x86.Build.0 = Debug|Win32
		{701D63D5-AB2D-4DDD-BF9F-EDA2D9243A26}.Release|x64.ActiveCfg = Release|x64
		{701D63D5-AB2D-4DDD-BF9F-EDA2D9243A26}.Release|x64.Build.0 = Release|x64
		{701D63D5-AB2D-4DDD-BF9F-EDA2D9243A26}.Release|x86.ActiveCfg = Release|Win32
		{701D63D5-AB2D-4DDD-BF9F-EDA2D9243A26}.Release|x86.Build.0 = Release|Win32
		{9FB6F6D8-5E29-4200-99B3-D53764183CDE}.Debug|x64.ActiveCfg = Debug|x64
		{9FB6F6D8-5E29-4200-99B3-D53764183CDE}.Debug|x64.Build.0 = Debug|x64
		{9FB6F6D8-5E29-4200-99B3-D53764183CDE}.Debug|x86.ActiveCfg = Debug|Win32
		{9FB6F6D8-5E29-4200-99B3-D53764183CDE}.Debug|x86.Build.0 = Debug|Win32
		{9FB6F6D8-5E29-4200-99B3-D53764183CDE}.Release|x64.ActiveCfg = Release|x64
		{9FB6F6D8-5E29-4200-99B3-D53764183CDE}.Release|x64.Build.0 = Release|x64
		{9FB6F6D8-5E29-4200-99B3-D53764183CDE}.Release|x86.ActiveCfg = Release|Win32
		{9FB6F6D8-5E29-4200-99B3-D53764183CDE}.Release|x86.Build.0 = Release|Win32
		{A3DA6C6F-B8E2-4102-BDF6-C17A2D289570}.Debug|x64.ActiveCfg = Debug|x64
		{A3DA6C6F-B8E2-4102-BDF6-C17A2D289570}.Debug|x64.Build.0 = Debug|x64
		{A3DA6C6F-B8E2-4102-BDF6-C17A2D289570}.Debug|x86.ActiveCfg = Debug|Win32
		{A3DA6C6F-B8E2-4102-BDF6-C17A2D289570}.Debug|x86.Build.0 = Debug|Win32
		{A3DA6C6F-B8E2-4102-BDF6-C17A2D289570}.Release|x64.ActiveCfg = Release|x64
		{A3DA6C6F-B8E2-4102-BDF6-C17A2D289570}.Release|x64.Build.0 = Release|x64
		{A3DA6C6F-B8E2-4102-BDF6-C17A2D289570}.Release|x86.ActiveCfg = Release|Win32
		{A3DA6C6F-B8E2-4102-BDF6-C17A2D289570}.Release|x86.Build.0 = Release|Win32
		{CB332CEA-67A2-4672-AD54-7290A2E6B851}.Debug|x64.ActiveCfg = Debug|x64
		{CB332CEA-67A2-4672-AD54-7290A2E6B851}.Debug|x64.Build.0 = Debug|x64
		{CB332CEA-67A2-4672-AD54-7290A2E6B851}.Debug|x86.ActiveCfg = Debug|Win32
		{CB332CEA-67A2-4672-AD54-7290A2E6B851}.Debug|x86.Build.0 = Debug|Win32
		{CB332CEA-67A2-4672-AD54-7290A2E6B851}.Release|x64.ActiveCfg = Release|x64
		{CB332CEA-67A2-4672-AD54-7290A2E6B851}.Release|x64.Build.0 = Release|x64
		{CB332CEA-67A2-4672-AD54-7290A2E6B851}.Release|x86.ActiveCfg = Release|Win32
		{CB332CEA-67A2-4672-AD54-7290A2E6B851}.Release|x86.Build.0 = Release|Win32
		{FF50B9E5-FA9F-452C-8F58-F428046C7F23}.Debug|x64.ActiveCfg = Debug|x64
		{FF50B9E5-FA9F-452C-8F58-F428046C7F23}.Debug|x64.Build.0 = Debug|x64
		{FF50B9E5-FA9F-452C-8F58-F428046C7F23}.Debug|x86.ActiveCfg = Debug|Win32
		{FF50B9E5-FA9F-452C-8F58-F428046C7F23}.Debug|x86.Build.0 = Debug|Win32
		{FF50B9E5-FA9F-452C-8F58-F428046C7F23}.Release|x64.ActiveCfg = Release|x64
		{FF50B9E5-FA9F-452C-8F58-F428046C7F23}.Release|x64.Build.0 = Release|x64
		{FF50B9E5-FA9F-452C-8F58-F428046C7F23}.Release|x86.ActiveCfg = Release|Win32
		{FF50B9E5-FA9F-452C-8F58-F428046C7F23}.Release|x86.Build.0 = Release|Win32
		{0A7631ED-1A7A-4E8C-8C00-F7B212EA0ADC}.Debug|x64.ActiveCfg = Debug|x64
		{0A7631ED-1A7A-4E8C-8C00-F7B212EA0ADC}.Debug|x64.Build.0 = Debug|x64
		{0A7631ED-1A7A-4E8C-8C00-F7B212EA0ADC}.Debug|x86.ActiveCfg = Debug|Win32
		{0A7631ED-1A7A-4E8C-8C00-F7B212EA0ADC}.Debug|x86.Build.0 = Debug|Win32
		{0A7631ED-1A7A-4E8C-8C00-F7B212EA0ADC}.Release|x64.ActiveCfg = Release|x64
		{0A7631ED-1A7A-4E8C-8C00-F7B212EA0ADC}.Release|x64.Build.0 = Release|x64
		{0A7631ED-1A7A-4E8C-8C00-F7B212EA0ADC}.Release|x86.ActiveCfg = Release|Win32
		{0A7631ED-1A7A-4E8C-8C00-F7B212EA0ADC}.Release|x86.Build.0 = Release|Win32
	EndGlobalSection
	GlobalSection(SolutionProperties) = preSolution
		HideSolutionNode = FALSE
	EndGlobalSection
EndGlobal
